
Microsoft Visual Studio Solution File, Format Version 12.00
# Visual Studio 15
VisualStudioVersion = 15.0.26228.10
MinimumVisualStudioVersion = 10.0.40219.1
Project("{FAE04EC0-301F-11D3-BF4B-00C04F79EFBC}") = "Cqrs.Common", "Cqrs.Common\src\Cqrs.Common.csproj", "{4059BFA2-5175-4C25-8B60-C99FF5C3BCC2}"
EndProject
Project("{FAE04EC0-301F-11D3-BF4B-00C04F79EFBC}") = "Cqrs.Core", "Cqrs.Core\src\Cqrs.Core.csproj", "{A8FCD0BF-04FC-4628-B376-6861D63D9538}"
EndProject
Project("{2150E333-8FDC-42A3-9474-1A3956D46DE8}") = "extensions", "extensions", "{1025341F-C9BD-483B-B4DA-7EB169EB3EC7}"
EndProject
Project("{FAE04EC0-301F-11D3-BF4B-00C04F79EFBC}") = "Cqrs.Plugins.Unity", "Extensions\Cqrs.Plugins.Unity\src\Cqrs.Plugins.Unity.csproj", "{EE77500F-8D8B-4611-B5FB-1F0E5080558D}"
EndProject
Project("{FAE04EC0-301F-11D3-BF4B-00C04F79EFBC}") = "Cqrs.Plugins.EntityFramework", "Extensions\Cqrs.Plugins.EntityFramework\src\Cqrs.Plugins.EntityFramework.csproj", "{553EDD76-007F-4E07-BB8D-427C73A39181}"
EndProject
Project("{2150E333-8FDC-42A3-9474-1A3956D46DE8}") = "samples", "samples", "{138AB5D8-F04B-4348-A0E1-B56B965496F1}"
EndProject
Project("{FAE04EC0-301F-11D3-BF4B-00C04F79EFBC}") = "Sample", "Samples\Sample\Sample.csproj", "{A864CEED-04B2-4297-A813-66CAFB2A22F1}"
EndProject
Global
	GlobalSection(SolutionConfigurationPlatforms) = preSolution
		Debug|Any CPU = Debug|Any CPU
		Debug|Mixed Platforms = Debug|Mixed Platforms
		Debug|x86 = Debug|x86
		Release|Any CPU = Release|Any CPU
		Release|Mixed Platforms = Release|Mixed Platforms
		Release|x86 = Release|x86
	EndGlobalSection
	GlobalSection(ProjectConfigurationPlatforms) = postSolution
		{4059BFA2-5175-4C25-8B60-C99FF5C3BCC2}.Debug|Any CPU.ActiveCfg = Debug|Any CPU
		{4059BFA2-5175-4C25-8B60-C99FF5C3BCC2}.Debug|Any CPU.Build.0 = Debug|Any CPU
		{4059BFA2-5175-4C25-8B60-C99FF5C3BCC2}.Debug|Mixed Platforms.ActiveCfg = Debug|Any CPU
		{4059BFA2-5175-4C25-8B60-C99FF5C3BCC2}.Debug|Mixed Platforms.Build.0 = Debug|Any CPU
		{4059BFA2-5175-4C25-8B60-C99FF5C3BCC2}.Debug|x86.ActiveCfg = Debug|Any CPU
		{4059BFA2-5175-4C25-8B60-C99FF5C3BCC2}.Release|Any CPU.ActiveCfg = Release|Any CPU
		{4059BFA2-5175-4C25-8B60-C99FF5C3BCC2}.Release|Any CPU.Build.0 = Release|Any CPU
		{4059BFA2-5175-4C25-8B60-C99FF5C3BCC2}.Release|Mixed Platforms.ActiveCfg = Release|Any CPU
		{4059BFA2-5175-4C25-8B60-C99FF5C3BCC2}.Release|Mixed Platforms.Build.0 = Release|Any CPU
		{4059BFA2-5175-4C25-8B60-C99FF5C3BCC2}.Release|x86.ActiveCfg = Release|Any CPU
		{A8FCD0BF-04FC-4628-B376-6861D63D9538}.Debug|Any CPU.ActiveCfg = Debug|Any CPU
		{A8FCD0BF-04FC-4628-B376-6861D63D9538}.Debug|Any CPU.Build.0 = Debug|Any CPU
		{A8FCD0BF-04FC-4628-B376-6861D63D9538}.Debug|Mixed Platforms.ActiveCfg = Debug|Any CPU
		{A8FCD0BF-04FC-4628-B376-6861D63D9538}.Debug|Mixed Platforms.Build.0 = Debug|Any CPU
		{A8FCD0BF-04FC-4628-B376-6861D63D9538}.Debug|x86.ActiveCfg = Debug|Any CPU
		{A8FCD0BF-04FC-4628-B376-6861D63D9538}.Release|Any CPU.ActiveCfg = Release|Any CPU
		{A8FCD0BF-04FC-4628-B376-6861D63D9538}.Release|Any CPU.Build.0 = Release|Any CPU
		{A8FCD0BF-04FC-4628-B376-6861D63D9538}.Release|Mixed Platforms.ActiveCfg = Release|Any CPU
		{A8FCD0BF-04FC-4628-B376-6861D63D9538}.Release|Mixed Platforms.Build.0 = Release|Any CPU
		{A8FCD0BF-04FC-4628-B376-6861D63D9538}.Release|x86.ActiveCfg = Release|Any CPU
		{EE77500F-8D8B-4611-B5FB-1F0E5080558D}.Debug|Any CPU.ActiveCfg = Debug|Any CPU
		{EE77500F-8D8B-4611-B5FB-1F0E5080558D}.Debug|Any CPU.Build.0 = Debug|Any CPU
		{EE77500F-8D8B-4611-B5FB-1F0E5080558D}.Debug|Mixed Platforms.ActiveCfg = Debug|Any CPU
		{EE77500F-8D8B-4611-B5FB-1F0E5080558D}.Debug|Mixed Platforms.Build.0 = Debug|Any CPU
		{EE77500F-8D8B-4611-B5FB-1F0E5080558D}.Debug|x86.ActiveCfg = Debug|Any CPU
		{EE77500F-8D8B-4611-B5FB-1F0E5080558D}.Release|Any CPU.ActiveCfg = Release|Any CPU
		{EE77500F-8D8B-4611-B5FB-1F0E5080558D}.Release|Any CPU.Build.0 = Release|Any CPU
		{EE77500F-8D8B-4611-B5FB-1F0E5080558D}.Release|Mixed Platforms.ActiveCfg = Release|Any CPU
		{EE77500F-8D8B-4611-B5FB-1F0E5080558D}.Release|Mixed Platforms.Build.0 = Release|Any CPU
		{EE77500F-8D8B-4611-B5FB-1F0E5080558D}.Release|x86.ActiveCfg = Release|Any CPU
		{553EDD76-007F-4E07-BB8D-427C73A39181}.Debug|Any CPU.ActiveCfg = Debug|Any CPU
		{553EDD76-007F-4E07-BB8D-427C73A39181}.Debug|Any CPU.Build.0 = Debug|Any CPU
		{553EDD76-007F-4E07-BB8D-427C73A39181}.Debug|Mixed Platforms.ActiveCfg = Debug|Any CPU
		{553EDD76-007F-4E07-BB8D-427C73A39181}.Debug|Mixed Platforms.Build.0 = Debug|Any CPU
		{553EDD76-007F-4E07-BB8D-427C73A39181}.Debug|x86.ActiveCfg = Debug|Any CPU
		{553EDD76-007F-4E07-BB8D-427C73A39181}.Release|Any CPU.ActiveCfg = Release|Any CPU
		{553EDD76-007F-4E07-BB8D-427C73A39181}.Release|Any CPU.Build.0 = Release|Any CPU
		{553EDD76-007F-4E07-BB8D-427C73A39181}.Release|Mixed Platforms.ActiveCfg = Release|Any CPU
		{553EDD76-007F-4E07-BB8D-427C73A39181}.Release|Mixed Platforms.Build.0 = Release|Any CPU
		{553EDD76-007F-4E07-BB8D-427C73A39181}.Release|x86.ActiveCfg = Release|Any CPU
		{A864CEED-04B2-4297-A813-66CAFB2A22F1}.Debug|Any CPU.ActiveCfg = Debug|x86
		{A864CEED-04B2-4297-A813-66CAFB2A22F1}.Debug|Mixed Platforms.ActiveCfg = Debug|x86
		{A864CEED-04B2-4297-A813-66CAFB2A22F1}.Debug|Mixed Platforms.Build.0 = Debug|x86
		{A864CEED-04B2-4297-A813-66CAFB2A22F1}.Debug|x86.ActiveCfg = Debug|x86
		{A864CEED-04B2-4297-A813-66CAFB2A22F1}.Debug|x86.Build.0 = Debug|x86
		{A864CEED-04B2-4297-A813-66CAFB2A22F1}.Release|Any CPU.ActiveCfg = Release|x86
		{A864CEED-04B2-4297-A813-66CAFB2A22F1}.Release|Mixed Platforms.ActiveCfg = Release|x86
		{A864CEED-04B2-4297-A813-66CAFB2A22F1}.Release|Mixed Platforms.Build.0 = Release|x86
		{A864CEED-04B2-4297-A813-66CAFB2A22F1}.Release|x86.ActiveCfg = Release|x86
		{A864CEED-04B2-4297-A813-66CAFB2A22F1}.Release|x86.Build.0 = Release|x86
	EndGlobalSection
	GlobalSection(SolutionProperties) = preSolution
		HideSolutionNode = FALSE
	EndGlobalSection
	GlobalSection(NestedProjects) = preSolution
		{EE77500F-8D8B-4611-B5FB-1F0E5080558D} = {1025341F-C9BD-483B-B4DA-7EB169EB3EC7}
		{553EDD76-007F-4E07-BB8D-427C73A39181} = {1025341F-C9BD-483B-B4DA-7EB169EB3EC7}
		{A864CEED-04B2-4297-A813-66CAFB2A22F1} = {138AB5D8-F04B-4348-A0E1-B56B965496F1}
	EndGlobalSection
	GlobalSection(ExtensibilityGlobals) = postSolution
		EnterpriseLibraryConfigurationToolBinariesPath = packages\Unity.2.1.505.2\lib\NET35;packages\Unity.Interception.2.1.505.2\lib\NET35
	EndGlobalSection
EndGlobal
